
Microsoft Visual Studio Solution File, Format Version 12.00
# Visual Studio Version 17
VisualStudioVersion = 17.7.34031.279
MinimumVisualStudioVersion = 10.0.40219.1
Project("{FAE04EC0-301F-11D3-BF4B-00C04F79EFBC}") = "Setul1_17", "Setul1_17.csproj", "{EB116484-8D02-4236-92BC-FBCC755B1ADA}"
EndProject
Global
	GlobalSection(SolutionConfigurationPlatforms) = preSolution
		Debug|Any CPU = Debug|Any CPU
		Release|Any CPU = Release|Any CPU
	EndGlobalSection
	GlobalSection(ProjectConfigurationPlatforms) = postSolution
		{EB116484-8D02-4236-92BC-FBCC755B1ADA}.Debug|Any CPU.ActiveCfg = Debug|Any CPU
		{EB116484-8D02-4236-92BC-FBCC755B1ADA}.Debug|Any CPU.Build.0 = Debug|Any CPU
		{EB116484-8D02-4236-92BC-FBCC755B1ADA}.Release|Any CPU.ActiveCfg = Release|Any CPU
		{EB116484-8D02-4236-92BC-FBCC755B1ADA}.Release|Any CPU.Build.0 = Release|Any CPU
	EndGlobalSection
	GlobalSection(SolutionProperties) = preSolution
		HideSolutionNode = FALSE
	EndGlobalSection
	GlobalSection(ExtensibilityGlobals) = postSolution
		SolutionGuid = {C750247F-520F-4BAC-BCCC-C6FE7CC5F8C4}
	EndGlobalSection
EndGlobal
