
Microsoft Visual Studio Solution File, Format Version 12.00
# Visual Studio Version 17
VisualStudioVersion = 17.7.34031.279
MinimumVisualStudioVersion = 10.0.40219.1
Project("{FAE04EC0-301F-11D3-BF4B-00C04F79EFBC}") = "Setul1_12", "Setul1_12.csproj", "{EC933BD3-8604-4A7A-AEF3-7A143265F61F}"
EndProject
Global
	GlobalSection(SolutionConfigurationPlatforms) = preSolution
		Debug|Any CPU = Debug|Any CPU
		Release|Any CPU = Release|Any CPU
	EndGlobalSection
	GlobalSection(ProjectConfigurationPlatforms) = postSolution
		{EC933BD3-8604-4A7A-AEF3-7A143265F61F}.Debug|Any CPU.ActiveCfg = Debug|Any CPU
		{EC933BD3-8604-4A7A-AEF3-7A143265F61F}.Debug|Any CPU.Build.0 = Debug|Any CPU
		{EC933BD3-8604-4A7A-AEF3-7A143265F61F}.Release|Any CPU.ActiveCfg = Release|Any CPU
		{EC933BD3-8604-4A7A-AEF3-7A143265F61F}.Release|Any CPU.Build.0 = Release|Any CPU
	EndGlobalSection
	GlobalSection(SolutionProperties) = preSolution
		HideSolutionNode = FALSE
	EndGlobalSection
	GlobalSection(ExtensibilityGlobals) = postSolution
		SolutionGuid = {83B57FBE-D317-4606-83CF-4CA27B15F3EC}
	EndGlobalSection
EndGlobal
