
Microsoft Visual Studio Solution File, Format Version 12.00
# Visual Studio Version 17
VisualStudioVersion = 17.7.34031.279
MinimumVisualStudioVersion = 10.0.40219.1
Project("{FAE04EC0-301F-11D3-BF4B-00C04F79EFBC}") = "Set1_1", "Set1_1.csproj", "{5B17A6EB-FF8D-4A1E-8017-F7E2EB4D4300}"
EndProject
Global
	GlobalSection(SolutionConfigurationPlatforms) = preSolution
		Debug|Any CPU = Debug|Any CPU
		Release|Any CPU = Release|Any CPU
	EndGlobalSection
	GlobalSection(ProjectConfigurationPlatforms) = postSolution
		{5B17A6EB-FF8D-4A1E-8017-F7E2EB4D4300}.Debug|Any CPU.ActiveCfg = Debug|Any CPU
		{5B17A6EB-FF8D-4A1E-8017-F7E2EB4D4300}.Debug|Any CPU.Build.0 = Debug|Any CPU
		{5B17A6EB-FF8D-4A1E-8017-F7E2EB4D4300}.Release|Any CPU.ActiveCfg = Release|Any CPU
		{5B17A6EB-FF8D-4A1E-8017-F7E2EB4D4300}.Release|Any CPU.Build.0 = Release|Any CPU
	EndGlobalSection
	GlobalSection(SolutionProperties) = preSolution
		HideSolutionNode = FALSE
	EndGlobalSection
	GlobalSection(ExtensibilityGlobals) = postSolution
		SolutionGuid = {F4E5A83E-F4A8-4B6F-A5C6-A3A223F08CD6}
	EndGlobalSection
EndGlobal
