
Microsoft Visual Studio Solution File, Format Version 12.00
# Visual Studio Version 17
VisualStudioVersion = 17.7.34031.279
MinimumVisualStudioVersion = 10.0.40219.1
Project("{FAE04EC0-301F-11D3-BF4B-00C04F79EFBC}") = "setul1_20", "setul1_20.csproj", "{E63DDDAA-7D1D-4638-B4BC-15C66F726973}"
EndProject
Global
	GlobalSection(SolutionConfigurationPlatforms) = preSolution
		Debug|Any CPU = Debug|Any CPU
		Release|Any CPU = Release|Any CPU
	EndGlobalSection
	GlobalSection(ProjectConfigurationPlatforms) = postSolution
		{E63DDDAA-7D1D-4638-B4BC-15C66F726973}.Debug|Any CPU.ActiveCfg = Debug|Any CPU
		{E63DDDAA-7D1D-4638-B4BC-15C66F726973}.Debug|Any CPU.Build.0 = Debug|Any CPU
		{E63DDDAA-7D1D-4638-B4BC-15C66F726973}.Release|Any CPU.ActiveCfg = Release|Any CPU
		{E63DDDAA-7D1D-4638-B4BC-15C66F726973}.Release|Any CPU.Build.0 = Release|Any CPU
	EndGlobalSection
	GlobalSection(SolutionProperties) = preSolution
		HideSolutionNode = FALSE
	EndGlobalSection
	GlobalSection(ExtensibilityGlobals) = postSolution
		SolutionGuid = {76244F55-8D24-4F53-B523-DB909E8FA22B}
	EndGlobalSection
EndGlobal
