
Microsoft Visual Studio Solution File, Format Version 12.00
# Visual Studio Version 17
VisualStudioVersion = 17.7.34031.279
MinimumVisualStudioVersion = 10.0.40219.1
Project("{FAE04EC0-301F-11D3-BF4B-00C04F79EFBC}") = "Setul1_14", "Setul1_14.csproj", "{491ED817-6D71-4D3B-911E-15A130557F5A}"
EndProject
Global
	GlobalSection(SolutionConfigurationPlatforms) = preSolution
		Debug|Any CPU = Debug|Any CPU
		Release|Any CPU = Release|Any CPU
	EndGlobalSection
	GlobalSection(ProjectConfigurationPlatforms) = postSolution
		{491ED817-6D71-4D3B-911E-15A130557F5A}.Debug|Any CPU.ActiveCfg = Debug|Any CPU
		{491ED817-6D71-4D3B-911E-15A130557F5A}.Debug|Any CPU.Build.0 = Debug|Any CPU
		{491ED817-6D71-4D3B-911E-15A130557F5A}.Release|Any CPU.ActiveCfg = Release|Any CPU
		{491ED817-6D71-4D3B-911E-15A130557F5A}.Release|Any CPU.Build.0 = Release|Any CPU
	EndGlobalSection
	GlobalSection(SolutionProperties) = preSolution
		HideSolutionNode = FALSE
	EndGlobalSection
	GlobalSection(ExtensibilityGlobals) = postSolution
		SolutionGuid = {6993CA2B-F87B-4E13-8481-7209939D8402}
	EndGlobalSection
EndGlobal
